
Microsoft Visual Studio Solution File, Format Version 12.00
# Visual Studio Version 17
VisualStudioVersion = 17.3.32811.315
MinimumVisualStudioVersion = 10.0.40219.1
Project("{FAE04EC0-301F-11D3-BF4B-00C04F79EFBC}") = "ProyectoMedicina", "ProyectoMedicina\ProyectoMedicina.csproj", "{63C9C5FE-FB46-4E7B-B5BE-11867FDDF2D8}"
EndProject
Project("{FAE04EC0-301F-11D3-BF4B-00C04F79EFBC}") = "Clases", "Clases\Clases.csproj", "{6596806F-A95D-4E49-8499-3C3FBBAB61AE}"
EndProject
Project("{FAE04EC0-301F-11D3-BF4B-00C04F79EFBC}") = "WinFormsApp1", "WinFormsApp1\WinFormsApp1.csproj", "{9C6A9069-6427-450B-B440-A263E9FD3F1D}"
EndProject
Global
	GlobalSection(SolutionConfigurationPlatforms) = preSolution
		Debug|Any CPU = Debug|Any CPU
		Release|Any CPU = Release|Any CPU
	EndGlobalSection
	GlobalSection(ProjectConfigurationPlatforms) = postSolution
		{63C9C5FE-FB46-4E7B-B5BE-11867FDDF2D8}.Debug|Any CPU.ActiveCfg = Debug|Any CPU
		{63C9C5FE-FB46-4E7B-B5BE-11867FDDF2D8}.Debug|Any CPU.Build.0 = Debug|Any CPU
		{63C9C5FE-FB46-4E7B-B5BE-11867FDDF2D8}.Release|Any CPU.ActiveCfg = Release|Any CPU
		{63C9C5FE-FB46-4E7B-B5BE-11867FDDF2D8}.Release|Any CPU.Build.0 = Release|Any CPU
		{6596806F-A95D-4E49-8499-3C3FBBAB61AE}.Debug|Any CPU.ActiveCfg = Debug|Any CPU
		{6596806F-A95D-4E49-8499-3C3FBBAB61AE}.Debug|Any CPU.Build.0 = Debug|Any CPU
		{6596806F-A95D-4E49-8499-3C3FBBAB61AE}.Release|Any CPU.ActiveCfg = Release|Any CPU
		{6596806F-A95D-4E49-8499-3C3FBBAB61AE}.Release|Any CPU.Build.0 = Release|Any CPU
		{9C6A9069-6427-450B-B440-A263E9FD3F1D}.Debug|Any CPU.ActiveCfg = Debug|Any CPU
		{9C6A9069-6427-450B-B440-A263E9FD3F1D}.Debug|Any CPU.Build.0 = Debug|Any CPU
		{9C6A9069-6427-450B-B440-A263E9FD3F1D}.Release|Any CPU.ActiveCfg = Release|Any CPU
		{9C6A9069-6427-450B-B440-A263E9FD3F1D}.Release|Any CPU.Build.0 = Release|Any CPU
	EndGlobalSection
	GlobalSection(SolutionProperties) = preSolution
		HideSolutionNode = FALSE
	EndGlobalSection
	GlobalSection(ExtensibilityGlobals) = postSolution
		SolutionGuid = {680345EF-B5C7-46CD-94AA-8DEB7B058BE4}
	EndGlobalSection
EndGlobal
